{
  "version": 4,
  "terraform_version": "1.13.4",
  "serial": 205,
  "lineage": "7f3d0330-ab4b-583a-5bb1-5231d9a46bbd",
  "outputs": {},
  "resources": [
    {
      "mode": "managed",
      "type": "aws_ecr_repository",
      "name": "hackathon_repo",
      "provider": "provider[\"registry.terraform.io/hashicorp/aws\"]",
      "instances": [
        {
          "schema_version": 0,
          "attributes": {
            "arn": "arn:aws:ecr:us-east-1:362324310698:repository/hackathon-app",
            "encryption_configuration": [
              {
                "encryption_type": "AES256",
                "kms_key": ""
              }
            ],
            "force_delete": null,
            "id": "hackathon-app",
            "image_scanning_configuration": [
              {
                "scan_on_push": true
              }
            ],
            "image_tag_mutability": "MUTABLE",
            "name": "hackathon-app",
            "registry_id": "362324310698",
            "repository_url": "362324310698.dkr.ecr.us-east-1.amazonaws.com/hackathon-app",
            "tags": {
              "Name": "Hackathon-ECR"
            },
            "tags_all": {
              "Name": "Hackathon-ECR"
            },
            "timeouts": null
          },
          "sensitive_attributes": [],
          "identity_schema_version": 0,
          "private": "eyJlMmJmYjczMC1lY2FhLTExZTYtOGY4OC0zNDM2M2JjN2M0YzAiOnsiZGVsZXRlIjoxMjAwMDAwMDAwMDAwfX0="
        }
      ]
    }
  ],
  "check_results": null
}
